
Microsoft Visual Studio Solution File, Format Version 12.00
# Visual Studio Version 17
VisualStudioVersion = 17.6.33829.357
MinimumVisualStudioVersion = 10.0.40219.1
Project("{F184B08F-C81C-45F6-A57F-5ABD9991F28F}") = "AncestryAssistant", "AncestryAssistant.vbproj", "{76A520E2-08E0-4EE2-8319-C4B83A120AC6}"
EndProject
Global
	GlobalSection(SolutionConfigurationPlatforms) = preSolution
		Debug|Any CPU = Debug|Any CPU
		Debug|x64 = Debug|x64
		Debug|x86 = Debug|x86
		Release|Any CPU = Release|Any CPU
		Release|x64 = Release|x64
		Release|x86 = Release|x86
	EndGlobalSection
	GlobalSection(ProjectConfigurationPlatforms) = postSolution
		{76A520E2-08E0-4EE2-8319-C4B83A120AC6}.Debug|Any CPU.ActiveCfg = Debug|Any CPU
		{76A520E2-08E0-4EE2-8319-C4B83A120AC6}.Debug|Any CPU.Build.0 = Debug|Any CPU
		{76A520E2-08E0-4EE2-8319-C4B83A120AC6}.Debug|x64.ActiveCfg = Debug|x64
		{76A520E2-08E0-4EE2-8319-C4B83A120AC6}.Debug|x64.Build.0 = Debug|x64
		{76A520E2-08E0-4EE2-8319-C4B83A120AC6}.Debug|x86.ActiveCfg = Debug|x86
		{76A520E2-08E0-4EE2-8319-C4B83A120AC6}.Debug|x86.Build.0 = Debug|x86
		{76A520E2-08E0-4EE2-8319-C4B83A120AC6}.Release|Any CPU.ActiveCfg = Release|Any CPU
		{76A520E2-08E0-4EE2-8319-C4B83A120AC6}.Release|Any CPU.Build.0 = Release|Any CPU
		{76A520E2-08E0-4EE2-8319-C4B83A120AC6}.Release|x64.ActiveCfg = Release|x64
		{76A520E2-08E0-4EE2-8319-C4B83A120AC6}.Release|x64.Build.0 = Release|x64
		{76A520E2-08E0-4EE2-8319-C4B83A120AC6}.Release|x86.ActiveCfg = Release|x86
		{76A520E2-08E0-4EE2-8319-C4B83A120AC6}.Release|x86.Build.0 = Release|x86
	EndGlobalSection
	GlobalSection(SolutionProperties) = preSolution
		HideSolutionNode = FALSE
	EndGlobalSection
	GlobalSection(ExtensibilityGlobals) = postSolution
		SolutionGuid = {24D6A49F-29CC-4B6B-8C19-FEC97C527A46}
	EndGlobalSection
EndGlobal
